
Microsoft Visual Studio Solution File, Format Version 12.00
# Visual Studio Version 17
VisualStudioVersion = 17.5.002.0
MinimumVisualStudioVersion = 10.0.40219.1
Project("{9A19103F-16F7-4668-BE54-9A1E7A4F7556}") = "DesafioPOO", "DesafioPOO.csproj", "{BACB9FC2-CD94-4D51-9A73-5C924054D0FC}"
EndProject
Global
	GlobalSection(SolutionConfigurationPlatforms) = preSolution
		Debug|Any CPU = Debug|Any CPU
		Release|Any CPU = Release|Any CPU
	EndGlobalSection
	GlobalSection(ProjectConfigurationPlatforms) = postSolution
		{BACB9FC2-CD94-4D51-9A73-5C924054D0FC}.Debug|Any CPU.ActiveCfg = Debug|Any CPU
		{BACB9FC2-CD94-4D51-9A73-5C924054D0FC}.Debug|Any CPU.Build.0 = Debug|Any CPU
		{BACB9FC2-CD94-4D51-9A73-5C924054D0FC}.Release|Any CPU.ActiveCfg = Release|Any CPU
		{BACB9FC2-CD94-4D51-9A73-5C924054D0FC}.Release|Any CPU.Build.0 = Release|Any CPU
	EndGlobalSection
	GlobalSection(SolutionProperties) = preSolution
		HideSolutionNode = FALSE
	EndGlobalSection
	GlobalSection(ExtensibilityGlobals) = postSolution
		SolutionGuid = {1C38EC29-77E6-42C9-AAD9-C7984C975148}
	EndGlobalSection
EndGlobal
